
Microsoft Visual Studio Solution File, Format Version 12.00
# Visual Studio Version 16
VisualStudioVersion = 16.0.30804.86
MinimumVisualStudioVersion = 10.0.40219.1
Project("{9A19103F-16F7-4668-BE54-9A1E7A4F7556}") = "BuildingStore", "BuildingStore.csproj", "{027BA47B-AC10-45D7-94EA-63805E28A848}"
EndProject
Project("{FAE04EC0-301F-11D3-BF4B-00C04F79EFBC}") = "BuildingStore.Tests", "..\BuildingStore.Tests\BuildingStore.Tests.csproj", "{60A926A8-A24B-4002-93ED-D45F0B825C9D}"
EndProject
Global
	GlobalSection(SolutionConfigurationPlatforms) = preSolution
		Debug|Any CPU = Debug|Any CPU
		Release|Any CPU = Release|Any CPU
	EndGlobalSection
	GlobalSection(ProjectConfigurationPlatforms) = postSolution
		{027BA47B-AC10-45D7-94EA-63805E28A848}.Debug|Any CPU.ActiveCfg = Debug|Any CPU
		{027BA47B-AC10-45D7-94EA-63805E28A848}.Debug|Any CPU.Build.0 = Debug|Any CPU
		{027BA47B-AC10-45D7-94EA-63805E28A848}.Release|Any CPU.ActiveCfg = Release|Any CPU
		{027BA47B-AC10-45D7-94EA-63805E28A848}.Release|Any CPU.Build.0 = Release|Any CPU
		{60A926A8-A24B-4002-93ED-D45F0B825C9D}.Debug|Any CPU.ActiveCfg = Debug|Any CPU
		{60A926A8-A24B-4002-93ED-D45F0B825C9D}.Debug|Any CPU.Build.0 = Debug|Any CPU
		{60A926A8-A24B-4002-93ED-D45F0B825C9D}.Release|Any CPU.ActiveCfg = Release|Any CPU
		{60A926A8-A24B-4002-93ED-D45F0B825C9D}.Release|Any CPU.Build.0 = Release|Any CPU
	EndGlobalSection
	GlobalSection(SolutionProperties) = preSolution
		HideSolutionNode = FALSE
	EndGlobalSection
	GlobalSection(ExtensibilityGlobals) = postSolution
		SolutionGuid = {371F4385-5010-461C-8F4E-FA2C400EF7BD}
	EndGlobalSection
EndGlobal
